// !$*UTF8*$!
{
	archiveVersion = 1;
	classes = {
	};
	objectVersion = 46;
	objects = {

/* Begin PBXBuildFile section */
		C91DCD4E14D1DB7A00AD922D /* OTDashboardViewController.m in Sources */ = {isa = PBXBuildFile; fileRef = C91DCD4D14D1DB7A00AD922D /* OTDashboardViewController.m */; };
		C91DCD5414D1DFDA00AD922D /* OTSpeedoViewController.m in Sources */ = {isa = PBXBuildFile; fileRef = C91DCD5314D1DFDA00AD922D /* OTSpeedoViewController.m */; };
		C91DCD5714D1E17800AD922D /* OTGPSViewController.m in Sources */ = {isa = PBXBuildFile; fileRef = C91DCD5614D1E17800AD922D /* OTGPSViewController.m */; };
		C91DCD5914D1E1A600AD922D /* MapKit.framework in Frameworks */ = {isa = PBXBuildFile; fileRef = C91DCD5814D1E1A600AD922D /* MapKit.framework */; };
		C91DCD6014D4992700AD922D /* OTSocket.m in Sources */ = {isa = PBXBuildFile; fileRef = C91DCD5F14D4992700AD922D /* OTSocket.m */; };
		C91DCD6314D4C3DA00AD922D /* example.c in Sources */ = {isa = PBXBuildFile; fileRef = C91DCD6214D4C3DA00AD922D /* example.c */; };
		C91DCD6614D4C63A00AD922D /* example.m in Sources */ = {isa = PBXBuildFile; fileRef = C91DCD6514D4C63A00AD922D /* example.m */; };
		C91DCD6814D4C68200AD922D /* CoreFoundation.framework in Frameworks */ = {isa = PBXBuildFile; fileRef = C91DCD6714D4C68200AD922D /* CoreFoundation.framework */; };
		C91F56E814E4722F008A8B8B /* CoreImage.framework in Frameworks */ = {isa = PBXBuildFile; fileRef = C91F56E714E4722F008A8B8B /* CoreImage.framework */; };
		C95760C514DC6ADF00038D9C /* OTProgressCircle.m in Sources */ = {isa = PBXBuildFile; fileRef = C95760C414DC6ADF00038D9C /* OTProgressCircle.m */; };
		C99DA49F14DD7C4500D9D3C9 /* OTMath.m in Sources */ = {isa = PBXBuildFile; fileRef = C99DA49E14DD7C4500D9D3C9 /* OTMath.m */; };
		C9D85DFA14C6287C007DCB34 /* UIKit.framework in Frameworks */ = {isa = PBXBuildFile; fileRef = C9D85DF914C6287C007DCB34 /* UIKit.framework */; };
		C9D85DFC14C6287C007DCB34 /* Foundation.framework in Frameworks */ = {isa = PBXBuildFile; fileRef = C9D85DFB14C6287C007DCB34 /* Foundation.framework */; };
		C9D85DFE14C6287C007DCB34 /* CoreGraphics.framework in Frameworks */ = {isa = PBXBuildFile; fileRef = C9D85DFD14C6287C007DCB34 /* CoreGraphics.framework */; };
		C9D85E0414C6287C007DCB34 /* InfoPlist.strings in Resources */ = {isa = PBXBuildFile; fileRef = C9D85E0214C6287C007DCB34 /* InfoPlist.strings */; };
		C9D85E0614C6287C007DCB34 /* main.m in Sources */ = {isa = PBXBuildFile; fileRef = C9D85E0514C6287C007DCB34 /* main.m */; };
		C9D85E0A14C6287C007DCB34 /* OTAppDelegate.m in Sources */ = {isa = PBXBuildFile; fileRef = C9D85E0914C6287C007DCB34 /* OTAppDelegate.m */; };
		C9D85E1D14C639E5007DCB34 /* DebugViewController.m in Sources */ = {isa = PBXBuildFile; fileRef = C9D85E1C14C639E5007DCB34 /* DebugViewController.m */; };
/* End PBXBuildFile section */

/* Begin PBXFileReference section */
		C91DCD4C14D1DB7A00AD922D /* OTDashboardViewController.h */ = {isa = PBXFileReference; fileEncoding = 4; lastKnownFileType = sourcecode.c.h; path = OTDashboardViewController.h; sourceTree = "<group>"; };
		C91DCD4D14D1DB7A00AD922D /* OTDashboardViewController.m */ = {isa = PBXFileReference; fileEncoding = 4; lastKnownFileType = sourcecode.c.objc; path = OTDashboardViewController.m; sourceTree = "<group>"; };
		C91DCD5214D1DFDA00AD922D /* OTSpeedoViewController.h */ = {isa = PBXFileReference; fileEncoding = 4; lastKnownFileType = sourcecode.c.h; path = OTSpeedoViewController.h; sourceTree = "<group>"; };
		C91DCD5314D1DFDA00AD922D /* OTSpeedoViewController.m */ = {isa = PBXFileReference; fileEncoding = 4; lastKnownFileType = sourcecode.c.objc; path = OTSpeedoViewController.m; sourceTree = "<group>"; };
		C91DCD5514D1E17800AD922D /* OTGPSViewController.h */ = {isa = PBXFileReference; fileEncoding = 4; lastKnownFileType = sourcecode.c.h; path = OTGPSViewController.h; sourceTree = "<group>"; };
		C91DCD5614D1E17800AD922D /* OTGPSViewController.m */ = {isa = PBXFileReference; fileEncoding = 4; lastKnownFileType = sourcecode.c.objc; path = OTGPSViewController.m; sourceTree = "<group>"; };
		C91DCD5814D1E1A600AD922D /* MapKit.framework */ = {isa = PBXFileReference; lastKnownFileType = wrapper.framework; name = MapKit.framework; path = System/Library/Frameworks/MapKit.framework; sourceTree = SDKROOT; };
		C91DCD5E14D4992700AD922D /* OTSocket.h */ = {isa = PBXFileReference; fileEncoding = 4; lastKnownFileType = sourcecode.c.h; path = OTSocket.h; sourceTree = "<group>"; };
		C91DCD5F14D4992700AD922D /* OTSocket.m */ = {isa = PBXFileReference; fileEncoding = 4; lastKnownFileType = sourcecode.c.objc; path = OTSocket.m; sourceTree = "<group>"; };
		C91DCD6214D4C3DA00AD922D /* example.c */ = {isa = PBXFileReference; fileEncoding = 4; lastKnownFileType = sourcecode.c.c; path = example.c; sourceTree = "<group>"; };
		C91DCD6414D4C63A00AD922D /* example.h */ = {isa = PBXFileReference; fileEncoding = 4; lastKnownFileType = sourcecode.c.h; path = example.h; sourceTree = "<group>"; };
		C91DCD6514D4C63A00AD922D /* example.m */ = {isa = PBXFileReference; fileEncoding = 4; lastKnownFileType = sourcecode.c.objc; path = example.m; sourceTree = "<group>"; };
		C91DCD6714D4C68200AD922D /* CoreFoundation.framework */ = {isa = PBXFileReference; lastKnownFileType = wrapper.framework; name = CoreFoundation.framework; path = System/Library/Frameworks/CoreFoundation.framework; sourceTree = SDKROOT; };
		C91F56E714E4722F008A8B8B /* CoreImage.framework */ = {isa = PBXFileReference; lastKnownFileType = wrapper.framework; name = CoreImage.framework; path = System/Library/Frameworks/CoreImage.framework; sourceTree = SDKROOT; };
		C95760C314DC6ADF00038D9C /* OTProgressCircle.h */ = {isa = PBXFileReference; fileEncoding = 4; lastKnownFileType = sourcecode.c.h; path = OTProgressCircle.h; sourceTree = "<group>"; };
		C95760C414DC6ADF00038D9C /* OTProgressCircle.m */ = {isa = PBXFileReference; fileEncoding = 4; lastKnownFileType = sourcecode.c.objc; path = OTProgressCircle.m; sourceTree = "<group>"; };
		C99DA49D14DD7C4500D9D3C9 /* OTMath.h */ = {isa = PBXFileReference; fileEncoding = 4; lastKnownFileType = sourcecode.c.h; path = OTMath.h; sourceTree = "<group>"; };
		C99DA49E14DD7C4500D9D3C9 /* OTMath.m */ = {isa = PBXFileReference; fileEncoding = 4; lastKnownFileType = sourcecode.c.objc; path = OTMath.m; sourceTree = "<group>"; };
		C9D85DF514C6287C007DCB34 /* OpenTurpo-iOS.app */ = {isa = PBXFileReference; explicitFileType = wrapper.application; includeInIndex = 0; path = "OpenTurpo-iOS.app"; sourceTree = BUILT_PRODUCTS_DIR; };
		C9D85DF914C6287C007DCB34 /* UIKit.framework */ = {isa = PBXFileReference; lastKnownFileType = wrapper.framework; name = UIKit.framework; path = System/Library/Frameworks/UIKit.framework; sourceTree = SDKROOT; };
		C9D85DFB14C6287C007DCB34 /* Foundation.framework */ = {isa = PBXFileReference; lastKnownFileType = wrapper.framework; name = Foundation.framework; path = System/Library/Frameworks/Foundation.framework; sourceTree = SDKROOT; };
		C9D85DFD14C6287C007DCB34 /* CoreGraphics.framework */ = {isa = PBXFileReference; lastKnownFileType = wrapper.framework; name = CoreGraphics.framework; path = System/Library/Frameworks/CoreGraphics.framework; sourceTree = SDKROOT; };
		C9D85E0114C6287C007DCB34 /* OpenTurpo-iOS-Info.plist */ = {isa = PBXFileReference; lastKnownFileType = text.plist.xml; path = "OpenTurpo-iOS-Info.plist"; sourceTree = "<group>"; };
		C9D85E0314C6287C007DCB34 /* en */ = {isa = PBXFileReference; lastKnownFileType = text.plist.strings; name = en; path = en.lproj/InfoPlist.strings; sourceTree = "<group>"; };
		C9D85E0514C6287C007DCB34 /* main.m */ = {isa = PBXFileReference; lastKnownFileType = sourcecode.c.objc; path = main.m; sourceTree = "<group>"; };
		C9D85E0714C6287C007DCB34 /* OpenTurpo-iOS-Prefix.pch */ = {isa = PBXFileReference; lastKnownFileType = sourcecode.c.h; path = "OpenTurpo-iOS-Prefix.pch"; sourceTree = "<group>"; };
		C9D85E0814C6287C007DCB34 /* OTAppDelegate.h */ = {isa = PBXFileReference; lastKnownFileType = sourcecode.c.h; path = OTAppDelegate.h; sourceTree = "<group>"; };
		C9D85E0914C6287C007DCB34 /* OTAppDelegate.m */ = {isa = PBXFileReference; lastKnownFileType = sourcecode.c.objc; path = OTAppDelegate.m; sourceTree = "<group>"; };
		C9D85E1414C628E4007DCB34 /* ArduinoNetworkModel.h */ = {isa = PBXFileReference; fileEncoding = 4; lastKnownFileType = sourcecode.c.h; path = ArduinoNetworkModel.h; sourceTree = "<group>"; };
		C9D85E1B14C639E5007DCB34 /* DebugViewController.h */ = {isa = PBXFileReference; fileEncoding = 4; lastKnownFileType = sourcecode.c.h; path = DebugViewController.h; sourceTree = "<group>"; };
		C9D85E1C14C639E5007DCB34 /* DebugViewController.m */ = {isa = PBXFileReference; fileEncoding = 4; lastKnownFileType = sourcecode.c.objc; path = DebugViewController.m; sourceTree = "<group>"; };
/* End PBXFileReference section */

/* Begin PBXFrameworksBuildPhase section */
		C9D85DF214C6287C007DCB34 /* Frameworks */ = {
			isa = PBXFrameworksBuildPhase;
			buildActionMask = 2147483647;
			files = (
				C91F56E814E4722F008A8B8B /* CoreImage.framework in Frameworks */,
				C91DCD6814D4C68200AD922D /* CoreFoundation.framework in Frameworks */,
				C91DCD5914D1E1A600AD922D /* MapKit.framework in Frameworks */,
				C9D85DFA14C6287C007DCB34 /* UIKit.framework in Frameworks */,
				C9D85DFC14C6287C007DCB34 /* Foundation.framework in Frameworks */,
				C9D85DFE14C6287C007DCB34 /* CoreGraphics.framework in Frameworks */,
			);
			runOnlyForDeploymentPostprocessing = 0;
		};
/* End PBXFrameworksBuildPhase section */

/* Begin PBXGroup section */
		C99DA49B14DD7C3000D9D3C9 /* Math */ = {
			isa = PBXGroup;
			children = (
				C99DA49D14DD7C4500D9D3C9 /* OTMath.h */,
				C99DA49E14DD7C4500D9D3C9 /* OTMath.m */,
			);
			name = Math;
			sourceTree = "<group>";
		};
		C9D85DEA14C6287C007DCB34 = {
			isa = PBXGroup;
			children = (
				C9D85DFF14C6287C007DCB34 /* OpenTurpo-iOS */,
				C9D85DF814C6287C007DCB34 /* Frameworks */,
				C9D85DF614C6287C007DCB34 /* Products */,
			);
			sourceTree = "<group>";
		};
		C9D85DF614C6287C007DCB34 /* Products */ = {
			isa = PBXGroup;
			children = (
				C9D85DF514C6287C007DCB34 /* OpenTurpo-iOS.app */,
			);
			name = Products;
			sourceTree = "<group>";
		};
		C9D85DF814C6287C007DCB34 /* Frameworks */ = {
			isa = PBXGroup;
			children = (
				C91F56E714E4722F008A8B8B /* CoreImage.framework */,
				C91DCD6714D4C68200AD922D /* CoreFoundation.framework */,
				C91DCD5814D1E1A600AD922D /* MapKit.framework */,
				C9D85DF914C6287C007DCB34 /* UIKit.framework */,
				C9D85DFB14C6287C007DCB34 /* Foundation.framework */,
				C9D85DFD14C6287C007DCB34 /* CoreGraphics.framework */,
			);
			name = Frameworks;
			sourceTree = "<group>";
		};
		C9D85DFF14C6287C007DCB34 /* OpenTurpo-iOS */ = {
			isa = PBXGroup;
			children = (
				C99DA49B14DD7C3000D9D3C9 /* Math */,
				C9D85E1314C628C6007DCB34 /* Network */,
				C9D85E1214C628BA007DCB34 /* Models */,
				C9D85E1114C628B8007DCB34 /* Views */,
				C9D85E1014C628B4007DCB34 /* Controllers */,
				C9D85E0814C6287C007DCB34 /* OTAppDelegate.h */,
				C9D85E0914C6287C007DCB34 /* OTAppDelegate.m */,
				C9D85E0014C6287C007DCB34 /* Supporting Files */,
			);
			path = "OpenTurpo-iOS";
			sourceTree = "<group>";
		};
		C9D85E0014C6287C007DCB34 /* Supporting Files */ = {
			isa = PBXGroup;
			children = (
				C9D85E0114C6287C007DCB34 /* OpenTurpo-iOS-Info.plist */,
				C9D85E0214C6287C007DCB34 /* InfoPlist.strings */,
				C9D85E0514C6287C007DCB34 /* main.m */,
				C9D85E0714C6287C007DCB34 /* OpenTurpo-iOS-Prefix.pch */,
			);
			name = "Supporting Files";
			sourceTree = "<group>";
		};
		C9D85E1014C628B4007DCB34 /* Controllers */ = {
			isa = PBXGroup;
			children = (
				C9D85E1B14C639E5007DCB34 /* DebugViewController.h */,
				C9D85E1C14C639E5007DCB34 /* DebugViewController.m */,
				C91DCD4C14D1DB7A00AD922D /* OTDashboardViewController.h */,
				C91DCD4D14D1DB7A00AD922D /* OTDashboardViewController.m */,
				C91DCD5214D1DFDA00AD922D /* OTSpeedoViewController.h */,
				C91DCD5314D1DFDA00AD922D /* OTSpeedoViewController.m */,
				C91DCD5514D1E17800AD922D /* OTGPSViewController.h */,
				C91DCD5614D1E17800AD922D /* OTGPSViewController.m */,
			);
			name = Controllers;
			sourceTree = "<group>";
		};
		C9D85E1114C628B8007DCB34 /* Views */ = {
			isa = PBXGroup;
			children = (
				C95760C314DC6ADF00038D9C /* OTProgressCircle.h */,
				C95760C414DC6ADF00038D9C /* OTProgressCircle.m */,
			);
			name = Views;
			sourceTree = "<group>";
		};
		C9D85E1214C628BA007DCB34 /* Models */ = {
			isa = PBXGroup;
			children = (
				C9D85E1414C628E4007DCB34 /* ArduinoNetworkModel.h */,
			);
			name = Models;
			sourceTree = "<group>";
		};
		C9D85E1314C628C6007DCB34 /* Network */ = {
			isa = PBXGroup;
			children = (
				C91DCD5E14D4992700AD922D /* OTSocket.h */,
				C91DCD5F14D4992700AD922D /* OTSocket.m */,
				C91DCD6214D4C3DA00AD922D /* example.c */,
				C91DCD6414D4C63A00AD922D /* example.h */,
				C91DCD6514D4C63A00AD922D /* example.m */,
			);
			name = Network;
			sourceTree = "<group>";
		};
/* End PBXGroup section */

/* Begin PBXNativeTarget section */
		C9D85DF414C6287C007DCB34 /* OpenTurpo-iOS */ = {
			isa = PBXNativeTarget;
			buildConfigurationList = C9D85E0D14C6287C007DCB34 /* Build configuration list for PBXNativeTarget "OpenTurpo-iOS" */;
			buildPhases = (
				C9D85DF114C6287C007DCB34 /* Sources */,
				C9D85DF214C6287C007DCB34 /* Frameworks */,
				C9D85DF314C6287C007DCB34 /* Resources */,
			);
			buildRules = (
			);
			dependencies = (
			);
			name = "OpenTurpo-iOS";
			productName = "OpenTurpo-iOS";
			productReference = C9D85DF514C6287C007DCB34 /* OpenTurpo-iOS.app */;
			productType = "com.apple.product-type.application";
		};
/* End PBXNativeTarget section */

/* Begin PBXProject section */
		C9D85DEC14C6287C007DCB34 /* Project object */ = {
			isa = PBXProject;
			attributes = {
				LastUpgradeCheck = 0420;
			};
			buildConfigurationList = C9D85DEF14C6287C007DCB34 /* Build configuration list for PBXProject "OpenTurpo-iOS" */;
			compatibilityVersion = "Xcode 3.2";
			developmentRegion = English;
			hasScannedForEncodings = 0;
			knownRegions = (
				en,
			);
			mainGroup = C9D85DEA14C6287C007DCB34;
			productRefGroup = C9D85DF614C6287C007DCB34 /* Products */;
			projectDirPath = "";
			projectRoot = "";
			targets = (
				C9D85DF414C6287C007DCB34 /* OpenTurpo-iOS */,
			);
		};
/* End PBXProject section */

/* Begin PBXResourcesBuildPhase section */
		C9D85DF314C6287C007DCB34 /* Resources */ = {
			isa = PBXResourcesBuildPhase;
			buildActionMask = 2147483647;
			files = (
				C9D85E0414C6287C007DCB34 /* InfoPlist.strings in Resources */,
			);
			runOnlyForDeploymentPostprocessing = 0;
		};
/* End PBXResourcesBuildPhase section */

/* Begin PBXSourcesBuildPhase section */
		C9D85DF114C6287C007DCB34 /* Sources */ = {
			isa = PBXSourcesBuildPhase;
			buildActionMask = 2147483647;
			files = (
				C9D85E0614C6287C007DCB34 /* main.m in Sources */,
				C9D85E0A14C6287C007DCB34 /* OTAppDelegate.m in Sources */,
				C9D85E1D14C639E5007DCB34 /* DebugViewController.m in Sources */,
				C91DCD4E14D1DB7A00AD922D /* OTDashboardViewController.m in Sources */,
				C91DCD5414D1DFDA00AD922D /* OTSpeedoViewController.m in Sources */,
				C91DCD5714D1E17800AD922D /* OTGPSViewController.m in Sources */,
				C91DCD6014D4992700AD922D /* OTSocket.m in Sources */,
				C91DCD6314D4C3DA00AD922D /* example.c in Sources */,
				C91DCD6614D4C63A00AD922D /* example.m in Sources */,
				C95760C514DC6ADF00038D9C /* OTProgressCircle.m in Sources */,
				C99DA49F14DD7C4500D9D3C9 /* OTMath.m in Sources */,
			);
			runOnlyForDeploymentPostprocessing = 0;
		};
/* End PBXSourcesBuildPhase section */

/* Begin PBXVariantGroup section */
		C9D85E0214C6287C007DCB34 /* InfoPlist.strings */ = {
			isa = PBXVariantGroup;
			children = (
				C9D85E0314C6287C007DCB34 /* en */,
			);
			name = InfoPlist.strings;
			sourceTree = "<group>";
		};
/* End PBXVariantGroup section */

/* Begin XCBuildConfiguration section */
		C9D85E0B14C6287C007DCB34 /* Debug */ = {
			isa = XCBuildConfiguration;
			buildSettings = {
				ALWAYS_SEARCH_USER_PATHS = NO;
				ARCHS = "$(ARCHS_STANDARD_32_BIT)";
				"CODE_SIGN_IDENTITY[sdk=iphoneos*]" = "iPhone Developer";
				COPY_PHASE_STRIP = NO;
				GCC_C_LANGUAGE_STANDARD = gnu99;
				GCC_DYNAMIC_NO_PIC = NO;
				GCC_OPTIMIZATION_LEVEL = 0;
				GCC_PREPROCESSOR_DEFINITIONS = (
					"DEBUG=1",
					"$(inherited)",
				);
				GCC_SYMBOLS_PRIVATE_EXTERN = NO;
				GCC_VERSION = com.apple.compilers.llvm.clang.1_0;
				GCC_WARN_ABOUT_MISSING_PROTOTYPES = YES;
				GCC_WARN_ABOUT_RETURN_TYPE = YES;
				GCC_WARN_UNUSED_VARIABLE = YES;
				IPHONEOS_DEPLOYMENT_TARGET = 5.0;
				"PROVISIONING_PROFILE[sdk=iphoneos*]" = "";
				SDKROOT = iphoneos;
				TARGETED_DEVICE_FAMILY = 2;
			};
			name = Debug;
		};
		C9D85E0C14C6287C007DCB34 /* Release */ = {
			isa = XCBuildConfiguration;
			buildSettings = {
				ALWAYS_SEARCH_USER_PATHS = NO;
				ARCHS = "$(ARCHS_STANDARD_32_BIT)";
				"CODE_SIGN_IDENTITY[sdk=iphoneos*]" = "iPhone Developer";
				COPY_PHASE_STRIP = YES;
				GCC_C_LANGUAGE_STANDARD = gnu99;
				GCC_VERSION = com.apple.compilers.llvm.clang.1_0;
				GCC_WARN_ABOUT_MISSING_PROTOTYPES = YES;
				GCC_WARN_ABOUT_RETURN_TYPE = YES;
				GCC_WARN_UNUSED_VARIABLE = YES;
				IPHONEOS_DEPLOYMENT_TARGET = 5.0;
				OTHER_CFLAGS = "-DNS_BLOCK_ASSERTIONS=1";
				"PROVISIONING_PROFILE[sdk=iphoneos*]" = "";
				SDKROOT = iphoneos;
				TARGETED_DEVICE_FAMILY = 2;
				VALIDATE_PRODUCT = YES;
			};
			name = Release;
		};
		C9D85E0E14C6287C007DCB34 /* Debug */ = {
			isa = XCBuildConfiguration;
			buildSettings = {
				GCC_PRECOMPILE_PREFIX_HEADER = YES;
				GCC_PREFIX_HEADER = "OpenTurpo-iOS/OpenTurpo-iOS-Prefix.pch";
				INFOPLIST_FILE = "OpenTurpo-iOS/OpenTurpo-iOS-Info.plist";
				PRODUCT_NAME = "$(TARGET_NAME)";
				WRAPPER_EXTENSION = app;
			};
			name = Debug;
		};
		C9D85E0F14C6287C007DCB34 /* Release */ = {
			isa = XCBuildConfiguration;
			buildSettings = {
				GCC_PRECOMPILE_PREFIX_HEADER = YES;
				GCC_PREFIX_HEADER = "OpenTurpo-iOS/OpenTurpo-iOS-Prefix.pch";
				INFOPLIST_FILE = "OpenTurpo-iOS/OpenTurpo-iOS-Info.plist";
				PRODUCT_NAME = "$(TARGET_NAME)";
				WRAPPER_EXTENSION = app;
			};
			name = Release;
		};
/* End XCBuildConfiguration section */

/* Begin XCConfigurationList section */
		C9D85DEF14C6287C007DCB34 /* Build configuration list for PBXProject "OpenTurpo-iOS" */ = {
			isa = XCConfigurationList;
			buildConfigurations = (
				C9D85E0B14C6287C007DCB34 /* Debug */,
				C9D85E0C14C6287C007DCB34 /* Release */,
			);
			defaultConfigurationIsVisible = 0;
			defaultConfigurationName = Release;
		};
		C9D85E0D14C6287C007DCB34 /* Build configuration list for PBXNativeTarget "OpenTurpo-iOS" */ = {
			isa = XCConfigurationList;
			buildConfigurations = (
				C9D85E0E14C6287C007DCB34 /* Debug */,
				C9D85E0F14C6287C007DCB34 /* Release */,
			);
			defaultConfigurationIsVisible = 0;
			defaultConfigurationName = Release;
		};
/* End XCConfigurationList section */
	};
	rootObject = C9D85DEC14C6287C007DCB34 /* Project object */;
}
