// !$*UTF8*$!
{
	archiveVersion = 1;
	classes = {
	};
	objectVersion = 46;
	objects = {

/* Begin PBXBuildFile section */
		C9D85DFA14C6287C007DCB34 /* UIKit.framework in Frameworks */ = {isa = PBXBuildFile; fileRef = C9D85DF914C6287C007DCB34 /* UIKit.framework */; };
		C9D85DFC14C6287C007DCB34 /* Foundation.framework in Frameworks */ = {isa = PBXBuildFile; fileRef = C9D85DFB14C6287C007DCB34 /* Foundation.framework */; };
		C9D85DFE14C6287C007DCB34 /* CoreGraphics.framework in Frameworks */ = {isa = PBXBuildFile; fileRef = C9D85DFD14C6287C007DCB34 /* CoreGraphics.framework */; };
		C9D85E0414C6287C007DCB34 /* InfoPlist.strings in Resources */ = {isa = PBXBuildFile; fileRef = C9D85E0214C6287C007DCB34 /* InfoPlist.strings */; };
		C9D85E0614C6287C007DCB34 /* main.m in Sources */ = {isa = PBXBuildFile; fileRef = C9D85E0514C6287C007DCB34 /* main.m */; };
		C9D85E0A14C6287C007DCB34 /* OTAppDelegate.m in Sources */ = {isa = PBXBuildFile; fileRef = C9D85E0914C6287C007DCB34 /* OTAppDelegate.m */; };
		C9D85E1714C62A3B007DCB34 /* ArduinoConnection.m in Sources */ = {isa = PBXBuildFile; fileRef = C9D85E1614C62A3B007DCB34 /* ArduinoConnection.m */; };
		C9D85E1A14C6334F007DCB34 /* ArduinoNetworkHandler.m in Sources */ = {isa = PBXBuildFile; fileRef = C9D85E1914C6334F007DCB34 /* ArduinoNetworkHandler.m */; };
		C9D85E1D14C639E5007DCB34 /* DebugViewController.m in Sources */ = {isa = PBXBuildFile; fileRef = C9D85E1C14C639E5007DCB34 /* DebugViewController.m */; };
/* End PBXBuildFile section */

/* Begin PBXFileReference section */
		C9D85DF514C6287C007DCB34 /* OpenTurpo-iOS.app */ = {isa = PBXFileReference; explicitFileType = wrapper.application; includeInIndex = 0; path = "OpenTurpo-iOS.app"; sourceTree = BUILT_PRODUCTS_DIR; };
		C9D85DF914C6287C007DCB34 /* UIKit.framework */ = {isa = PBXFileReference; lastKnownFileType = wrapper.framework; name = UIKit.framework; path = System/Library/Frameworks/UIKit.framework; sourceTree = SDKROOT; };
		C9D85DFB14C6287C007DCB34 /* Foundation.framework */ = {isa = PBXFileReference; lastKnownFileType = wrapper.framework; name = Foundation.framework; path = System/Library/Frameworks/Foundation.framework; sourceTree = SDKROOT; };
		C9D85DFD14C6287C007DCB34 /* CoreGraphics.framework */ = {isa = PBXFileReference; lastKnownFileType = wrapper.framework; name = CoreGraphics.framework; path = System/Library/Frameworks/CoreGraphics.framework; sourceTree = SDKROOT; };
		C9D85E0114C6287C007DCB34 /* OpenTurpo-iOS-Info.plist */ = {isa = PBXFileReference; lastKnownFileType = text.plist.xml; path = "OpenTurpo-iOS-Info.plist"; sourceTree = "<group>"; };
		C9D85E0314C6287C007DCB34 /* en */ = {isa = PBXFileReference; lastKnownFileType = text.plist.strings; name = en; path = en.lproj/InfoPlist.strings; sourceTree = "<group>"; };
		C9D85E0514C6287C007DCB34 /* main.m */ = {isa = PBXFileReference; lastKnownFileType = sourcecode.c.objc; path = main.m; sourceTree = "<group>"; };
		C9D85E0714C6287C007DCB34 /* OpenTurpo-iOS-Prefix.pch */ = {isa = PBXFileReference; lastKnownFileType = sourcecode.c.h; path = "OpenTurpo-iOS-Prefix.pch"; sourceTree = "<group>"; };
		C9D85E0814C6287C007DCB34 /* OTAppDelegate.h */ = {isa = PBXFileReference; lastKnownFileType = sourcecode.c.h; path = OTAppDelegate.h; sourceTree = "<group>"; };
		C9D85E0914C6287C007DCB34 /* OTAppDelegate.m */ = {isa = PBXFileReference; lastKnownFileType = sourcecode.c.objc; path = OTAppDelegate.m; sourceTree = "<group>"; };
		C9D85E1414C628E4007DCB34 /* ArduinoNetworkModel.h */ = {isa = PBXFileReference; fileEncoding = 4; lastKnownFileType = sourcecode.c.h; path = ArduinoNetworkModel.h; sourceTree = "<group>"; };
		C9D85E1514C62A3B007DCB34 /* ArduinoConnection.h */ = {isa = PBXFileReference; fileEncoding = 4; lastKnownFileType = sourcecode.c.h; path = ArduinoConnection.h; sourceTree = "<group>"; };
		C9D85E1614C62A3B007DCB34 /* ArduinoConnection.m */ = {isa = PBXFileReference; fileEncoding = 4; lastKnownFileType = sourcecode.c.objc; path = ArduinoConnection.m; sourceTree = "<group>"; };
		C9D85E1814C6334F007DCB34 /* ArduinoNetworkHandler.h */ = {isa = PBXFileReference; fileEncoding = 4; lastKnownFileType = sourcecode.c.h; path = ArduinoNetworkHandler.h; sourceTree = "<group>"; };
		C9D85E1914C6334F007DCB34 /* ArduinoNetworkHandler.m */ = {isa = PBXFileReference; fileEncoding = 4; lastKnownFileType = sourcecode.c.objc; path = ArduinoNetworkHandler.m; sourceTree = "<group>"; };
		C9D85E1B14C639E5007DCB34 /* DebugViewController.h */ = {isa = PBXFileReference; fileEncoding = 4; lastKnownFileType = sourcecode.c.h; path = DebugViewController.h; sourceTree = "<group>"; };
		C9D85E1C14C639E5007DCB34 /* DebugViewController.m */ = {isa = PBXFileReference; fileEncoding = 4; lastKnownFileType = sourcecode.c.objc; path = DebugViewController.m; sourceTree = "<group>"; };
/* End PBXFileReference section */

/* Begin PBXFrameworksBuildPhase section */
		C9D85DF214C6287C007DCB34 /* Frameworks */ = {
			isa = PBXFrameworksBuildPhase;
			buildActionMask = 2147483647;
			files = (
				C9D85DFA14C6287C007DCB34 /* UIKit.framework in Frameworks */,
				C9D85DFC14C6287C007DCB34 /* Foundation.framework in Frameworks */,
				C9D85DFE14C6287C007DCB34 /* CoreGraphics.framework in Frameworks */,
			);
			runOnlyForDeploymentPostprocessing = 0;
		};
/* End PBXFrameworksBuildPhase section */

/* Begin PBXGroup section */
		C9D85DEA14C6287C007DCB34 = {
			isa = PBXGroup;
			children = (
				C9D85DFF14C6287C007DCB34 /* OpenTurpo-iOS */,
				C9D85DF814C6287C007DCB34 /* Frameworks */,
				C9D85DF614C6287C007DCB34 /* Products */,
			);
			sourceTree = "<group>";
		};
		C9D85DF614C6287C007DCB34 /* Products */ = {
			isa = PBXGroup;
			children = (
				C9D85DF514C6287C007DCB34 /* OpenTurpo-iOS.app */,
			);
			name = Products;
			sourceTree = "<group>";
		};
		C9D85DF814C6287C007DCB34 /* Frameworks */ = {
			isa = PBXGroup;
			children = (
				C9D85DF914C6287C007DCB34 /* UIKit.framework */,
				C9D85DFB14C6287C007DCB34 /* Foundation.framework */,
				C9D85DFD14C6287C007DCB34 /* CoreGraphics.framework */,
			);
			name = Frameworks;
			sourceTree = "<group>";
		};
		C9D85DFF14C6287C007DCB34 /* OpenTurpo-iOS */ = {
			isa = PBXGroup;
			children = (
				C9D85E1314C628C6007DCB34 /* Network */,
				C9D85E1214C628BA007DCB34 /* Models */,
				C9D85E1114C628B8007DCB34 /* Views */,
				C9D85E1014C628B4007DCB34 /* Controllers */,
				C9D85E0814C6287C007DCB34 /* OTAppDelegate.h */,
				C9D85E0914C6287C007DCB34 /* OTAppDelegate.m */,
				C9D85E0014C6287C007DCB34 /* Supporting Files */,
			);
			path = "OpenTurpo-iOS";
			sourceTree = "<group>";
		};
		C9D85E0014C6287C007DCB34 /* Supporting Files */ = {
			isa = PBXGroup;
			children = (
				C9D85E0114C6287C007DCB34 /* OpenTurpo-iOS-Info.plist */,
				C9D85E0214C6287C007DCB34 /* InfoPlist.strings */,
				C9D85E0514C6287C007DCB34 /* main.m */,
				C9D85E0714C6287C007DCB34 /* OpenTurpo-iOS-Prefix.pch */,
			);
			name = "Supporting Files";
			sourceTree = "<group>";
		};
		C9D85E1014C628B4007DCB34 /* Controllers */ = {
			isa = PBXGroup;
			children = (
				C9D85E1B14C639E5007DCB34 /* DebugViewController.h */,
				C9D85E1C14C639E5007DCB34 /* DebugViewController.m */,
			);
			name = Controllers;
			sourceTree = "<group>";
		};
		C9D85E1114C628B8007DCB34 /* Views */ = {
			isa = PBXGroup;
			children = (
			);
			name = Views;
			sourceTree = "<group>";
		};
		C9D85E1214C628BA007DCB34 /* Models */ = {
			isa = PBXGroup;
			children = (
				C9D85E1414C628E4007DCB34 /* ArduinoNetworkModel.h */,
			);
			name = Models;
			sourceTree = "<group>";
		};
		C9D85E1314C628C6007DCB34 /* Network */ = {
			isa = PBXGroup;
			children = (
				C9D85E1514C62A3B007DCB34 /* ArduinoConnection.h */,
				C9D85E1614C62A3B007DCB34 /* ArduinoConnection.m */,
				C9D85E1814C6334F007DCB34 /* ArduinoNetworkHandler.h */,
				C9D85E1914C6334F007DCB34 /* ArduinoNetworkHandler.m */,
			);
			name = Network;
			sourceTree = "<group>";
		};
/* End PBXGroup section */

/* Begin PBXNativeTarget section */
		C9D85DF414C6287C007DCB34 /* OpenTurpo-iOS */ = {
			isa = PBXNativeTarget;
			buildConfigurationList = C9D85E0D14C6287C007DCB34 /* Build configuration list for PBXNativeTarget "OpenTurpo-iOS" */;
			buildPhases = (
				C9D85DF114C6287C007DCB34 /* Sources */,
				C9D85DF214C6287C007DCB34 /* Frameworks */,
				C9D85DF314C6287C007DCB34 /* Resources */,
			);
			buildRules = (
			);
			dependencies = (
			);
			name = "OpenTurpo-iOS";
			productName = "OpenTurpo-iOS";
			productReference = C9D85DF514C6287C007DCB34 /* OpenTurpo-iOS.app */;
			productType = "com.apple.product-type.application";
		};
/* End PBXNativeTarget section */

/* Begin PBXProject section */
		C9D85DEC14C6287C007DCB34 /* Project object */ = {
			isa = PBXProject;
			attributes = {
				LastUpgradeCheck = 0420;
			};
			buildConfigurationList = C9D85DEF14C6287C007DCB34 /* Build configuration list for PBXProject "OpenTurpo-iOS" */;
			compatibilityVersion = "Xcode 3.2";
			developmentRegion = English;
			hasScannedForEncodings = 0;
			knownRegions = (
				en,
			);
			mainGroup = C9D85DEA14C6287C007DCB34;
			productRefGroup = C9D85DF614C6287C007DCB34 /* Products */;
			projectDirPath = "";
			projectRoot = "";
			targets = (
				C9D85DF414C6287C007DCB34 /* OpenTurpo-iOS */,
			);
		};
/* End PBXProject section */

/* Begin PBXResourcesBuildPhase section */
		C9D85DF314C6287C007DCB34 /* Resources */ = {
			isa = PBXResourcesBuildPhase;
			buildActionMask = 2147483647;
			files = (
				C9D85E0414C6287C007DCB34 /* InfoPlist.strings in Resources */,
			);
			runOnlyForDeploymentPostprocessing = 0;
		};
/* End PBXResourcesBuildPhase section */

/* Begin PBXSourcesBuildPhase section */
		C9D85DF114C6287C007DCB34 /* Sources */ = {
			isa = PBXSourcesBuildPhase;
			buildActionMask = 2147483647;
			files = (
				C9D85E0614C6287C007DCB34 /* main.m in Sources */,
				C9D85E0A14C6287C007DCB34 /* OTAppDelegate.m in Sources */,
				C9D85E1714C62A3B007DCB34 /* ArduinoConnection.m in Sources */,
				C9D85E1A14C6334F007DCB34 /* ArduinoNetworkHandler.m in Sources */,
				C9D85E1D14C639E5007DCB34 /* DebugViewController.m in Sources */,
			);
			runOnlyForDeploymentPostprocessing = 0;
		};
/* End PBXSourcesBuildPhase section */

/* Begin PBXVariantGroup section */
		C9D85E0214C6287C007DCB34 /* InfoPlist.strings */ = {
			isa = PBXVariantGroup;
			children = (
				C9D85E0314C6287C007DCB34 /* en */,
			);
			name = InfoPlist.strings;
			sourceTree = "<group>";
		};
/* End PBXVariantGroup section */

/* Begin XCBuildConfiguration section */
		C9D85E0B14C6287C007DCB34 /* Debug */ = {
			isa = XCBuildConfiguration;
			buildSettings = {
				ALWAYS_SEARCH_USER_PATHS = NO;
				ARCHS = "$(ARCHS_STANDARD_32_BIT)";
				"CODE_SIGN_IDENTITY[sdk=iphoneos*]" = "iPhone Developer";
				COPY_PHASE_STRIP = NO;
				GCC_C_LANGUAGE_STANDARD = gnu99;
				GCC_DYNAMIC_NO_PIC = NO;
				GCC_OPTIMIZATION_LEVEL = 0;
				GCC_PREPROCESSOR_DEFINITIONS = (
					"DEBUG=1",
					"$(inherited)",
				);
				GCC_SYMBOLS_PRIVATE_EXTERN = NO;
				GCC_VERSION = com.apple.compilers.llvm.clang.1_0;
				GCC_WARN_ABOUT_MISSING_PROTOTYPES = YES;
				GCC_WARN_ABOUT_RETURN_TYPE = YES;
				GCC_WARN_UNUSED_VARIABLE = YES;
				IPHONEOS_DEPLOYMENT_TARGET = 5.0;
				SDKROOT = iphoneos;
				TARGETED_DEVICE_FAMILY = 2;
			};
			name = Debug;
		};
		C9D85E0C14C6287C007DCB34 /* Release */ = {
			isa = XCBuildConfiguration;
			buildSettings = {
				ALWAYS_SEARCH_USER_PATHS = NO;
				ARCHS = "$(ARCHS_STANDARD_32_BIT)";
				"CODE_SIGN_IDENTITY[sdk=iphoneos*]" = "iPhone Developer";
				COPY_PHASE_STRIP = YES;
				GCC_C_LANGUAGE_STANDARD = gnu99;
				GCC_VERSION = com.apple.compilers.llvm.clang.1_0;
				GCC_WARN_ABOUT_MISSING_PROTOTYPES = YES;
				GCC_WARN_ABOUT_RETURN_TYPE = YES;
				GCC_WARN_UNUSED_VARIABLE = YES;
				IPHONEOS_DEPLOYMENT_TARGET = 5.0;
				OTHER_CFLAGS = "-DNS_BLOCK_ASSERTIONS=1";
				SDKROOT = iphoneos;
				TARGETED_DEVICE_FAMILY = 2;
				VALIDATE_PRODUCT = YES;
			};
			name = Release;
		};
		C9D85E0E14C6287C007DCB34 /* Debug */ = {
			isa = XCBuildConfiguration;
			buildSettings = {
				GCC_PRECOMPILE_PREFIX_HEADER = YES;
				GCC_PREFIX_HEADER = "OpenTurpo-iOS/OpenTurpo-iOS-Prefix.pch";
				INFOPLIST_FILE = "OpenTurpo-iOS/OpenTurpo-iOS-Info.plist";
				PRODUCT_NAME = "$(TARGET_NAME)";
				WRAPPER_EXTENSION = app;
			};
			name = Debug;
		};
		C9D85E0F14C6287C007DCB34 /* Release */ = {
			isa = XCBuildConfiguration;
			buildSettings = {
				GCC_PRECOMPILE_PREFIX_HEADER = YES;
				GCC_PREFIX_HEADER = "OpenTurpo-iOS/OpenTurpo-iOS-Prefix.pch";
				INFOPLIST_FILE = "OpenTurpo-iOS/OpenTurpo-iOS-Info.plist";
				PRODUCT_NAME = "$(TARGET_NAME)";
				WRAPPER_EXTENSION = app;
			};
			name = Release;
		};
/* End XCBuildConfiguration section */

/* Begin XCConfigurationList section */
		C9D85DEF14C6287C007DCB34 /* Build configuration list for PBXProject "OpenTurpo-iOS" */ = {
			isa = XCConfigurationList;
			buildConfigurations = (
				C9D85E0B14C6287C007DCB34 /* Debug */,
				C9D85E0C14C6287C007DCB34 /* Release */,
			);
			defaultConfigurationIsVisible = 0;
			defaultConfigurationName = Release;
		};
		C9D85E0D14C6287C007DCB34 /* Build configuration list for PBXNativeTarget "OpenTurpo-iOS" */ = {
			isa = XCConfigurationList;
			buildConfigurations = (
				C9D85E0E14C6287C007DCB34 /* Debug */,
				C9D85E0F14C6287C007DCB34 /* Release */,
			);
			defaultConfigurationIsVisible = 0;
		};
/* End XCConfigurationList section */
	};
	rootObject = C9D85DEC14C6287C007DCB34 /* Project object */;
}
